
Microsoft Visual Studio Solution File, Format Version 12.00
# Visual Studio 15
VisualStudioVersion = 15.0.27428.2027
MinimumVisualStudioVersion = 10.0.40219.1
Project("{FAE04EC0-301F-11D3-BF4B-00C04F79EFBC}") = "FinalRuiz2018", "FinalRuiz2018\FinalRuiz2018.csproj", "{5734B5C6-AF02-4793-AD2D-329D4A9AD2E4}"
EndProject
Global
	GlobalSection(SolutionConfigurationPlatforms) = preSolution
		Debug|Any CPU = Debug|Any CPU
		Release|Any CPU = Release|Any CPU
	EndGlobalSection
	GlobalSection(ProjectConfigurationPlatforms) = postSolution
		{5734B5C6-AF02-4793-AD2D-329D4A9AD2E4}.Debug|Any CPU.ActiveCfg = Debug|Any CPU
		{5734B5C6-AF02-4793-AD2D-329D4A9AD2E4}.Debug|Any CPU.Build.0 = Debug|Any CPU
		{5734B5C6-AF02-4793-AD2D-329D4A9AD2E4}.Release|Any CPU.ActiveCfg = Release|Any CPU
		{5734B5C6-AF02-4793-AD2D-329D4A9AD2E4}.Release|Any CPU.Build.0 = Release|Any CPU
	EndGlobalSection
	GlobalSection(SolutionProperties) = preSolution
		HideSolutionNode = FALSE
	EndGlobalSection
	GlobalSection(ExtensibilityGlobals) = postSolution
		SolutionGuid = {7B3620B8-D222-486C-8CCE-8B46C17421D6}
	EndGlobalSection
EndGlobal
